
Microsoft Visual Studio Solution File, Format Version 12.00
# Visual Studio Version 16
VisualStudioVersion = 16.0.30204.135
MinimumVisualStudioVersion = 10.0.40219.1
Project("{00D1A9C2-B5F0-4AF3-8072-F6C62B433612}") = "MetaDomingoDatabase", "MetaDomingoDatabase\MetaDomingoDatabase.sqlproj", "{B892595C-C35E-4218-B553-3D95A16F1AE3}"
EndProject
Project("{9A19103F-16F7-4668-BE54-9A1E7A4F7556}") = "MetaDomingoLibrary", "MetaDomingoLibrary\MetaDomingoLibrary.csproj", "{F16A198F-CA8D-47D3-9B1F-464D5F57032A}"
EndProject
Project("{9A19103F-16F7-4668-BE54-9A1E7A4F7556}") = "MetaDomingoRoofWorks", "MetaDomingoRoofWorks\MetaDomingoRoofWorks.csproj", "{1FC0CF9E-3150-414B-9348-664C96B1E0E7}"
EndProject
Global
	GlobalSection(SolutionConfigurationPlatforms) = preSolution
		Debug|Any CPU = Debug|Any CPU
		Release|Any CPU = Release|Any CPU
	EndGlobalSection
	GlobalSection(ProjectConfigurationPlatforms) = postSolution
		{B892595C-C35E-4218-B553-3D95A16F1AE3}.Debug|Any CPU.ActiveCfg = Debug|Any CPU
		{B892595C-C35E-4218-B553-3D95A16F1AE3}.Debug|Any CPU.Build.0 = Debug|Any CPU
		{B892595C-C35E-4218-B553-3D95A16F1AE3}.Debug|Any CPU.Deploy.0 = Debug|Any CPU
		{B892595C-C35E-4218-B553-3D95A16F1AE3}.Release|Any CPU.ActiveCfg = Release|Any CPU
		{B892595C-C35E-4218-B553-3D95A16F1AE3}.Release|Any CPU.Build.0 = Release|Any CPU
		{B892595C-C35E-4218-B553-3D95A16F1AE3}.Release|Any CPU.Deploy.0 = Release|Any CPU
		{F16A198F-CA8D-47D3-9B1F-464D5F57032A}.Debug|Any CPU.ActiveCfg = Debug|Any CPU
		{F16A198F-CA8D-47D3-9B1F-464D5F57032A}.Debug|Any CPU.Build.0 = Debug|Any CPU
		{F16A198F-CA8D-47D3-9B1F-464D5F57032A}.Release|Any CPU.ActiveCfg = Release|Any CPU
		{F16A198F-CA8D-47D3-9B1F-464D5F57032A}.Release|Any CPU.Build.0 = Release|Any CPU
		{1FC0CF9E-3150-414B-9348-664C96B1E0E7}.Debug|Any CPU.ActiveCfg = Debug|Any CPU
		{1FC0CF9E-3150-414B-9348-664C96B1E0E7}.Debug|Any CPU.Build.0 = Debug|Any CPU
		{1FC0CF9E-3150-414B-9348-664C96B1E0E7}.Release|Any CPU.ActiveCfg = Release|Any CPU
		{1FC0CF9E-3150-414B-9348-664C96B1E0E7}.Release|Any CPU.Build.0 = Release|Any CPU
	EndGlobalSection
	GlobalSection(SolutionProperties) = preSolution
		HideSolutionNode = FALSE
	EndGlobalSection
	GlobalSection(ExtensibilityGlobals) = postSolution
		SolutionGuid = {CE5C74F8-3840-4A36-9A9A-777061059649}
	EndGlobalSection
EndGlobal
